
Microsoft Visual Studio Solution File, Format Version 12.00
# Visual Studio 15
VisualStudioVersion = 15.0.26730.16
MinimumVisualStudioVersion = 10.0.40219.1
Project("{FAE04EC0-301F-11D3-BF4B-00C04F79EFBC}") = "Class Lib Functional Test", "BTS Class Lib + Con Test\Class Lib Functional Test.csproj", "{07B57D7A-6D1D-46CB-BDFD-A6D1221D1C36}"
	ProjectSection(ProjectDependencies) = postProject
		{2B64C091-9B14-4AF4-BE51-06FA99A4ABD9} = {2B64C091-9B14-4AF4-BE51-06FA99A4ABD9}
		{BA55E5F1-6E7C-4632-8124-7E5232C152E3} = {BA55E5F1-6E7C-4632-8124-7E5232C152E3}
	EndProjectSection
EndProject
Project("{FAE04EC0-301F-11D3-BF4B-00C04F79EFBC}") = "BTS Class Library", "BTS Class Library\BTS Class Library.csproj", "{BA55E5F1-6E7C-4632-8124-7E5232C152E3}"
	ProjectSection(ProjectDependencies) = postProject
		{2B64C091-9B14-4AF4-BE51-06FA99A4ABD9} = {2B64C091-9B14-4AF4-BE51-06FA99A4ABD9}
	EndProjectSection
EndProject
Project("{FAE04EC0-301F-11D3-BF4B-00C04F79EFBC}") = "Log", "Log\Log\Log.csproj", "{2B64C091-9B14-4AF4-BE51-06FA99A4ABD9}"
EndProject
Project("{FAE04EC0-301F-11D3-BF4B-00C04F79EFBC}") = "Other Tests", "Other Tests\Other Tests.csproj", "{07259760-7B94-43AB-B9F0-BD492B4F5831}"
	ProjectSection(ProjectDependencies) = postProject
		{2B64C091-9B14-4AF4-BE51-06FA99A4ABD9} = {2B64C091-9B14-4AF4-BE51-06FA99A4ABD9}
		{BA55E5F1-6E7C-4632-8124-7E5232C152E3} = {BA55E5F1-6E7C-4632-8124-7E5232C152E3}
	EndProjectSection
EndProject
Global
	GlobalSection(SolutionConfigurationPlatforms) = preSolution
		Debug|Any CPU = Debug|Any CPU
		Release|Any CPU = Release|Any CPU
	EndGlobalSection
	GlobalSection(ProjectConfigurationPlatforms) = postSolution
		{07B57D7A-6D1D-46CB-BDFD-A6D1221D1C36}.Debug|Any CPU.ActiveCfg = Debug|Any CPU
		{07B57D7A-6D1D-46CB-BDFD-A6D1221D1C36}.Debug|Any CPU.Build.0 = Debug|Any CPU
		{07B57D7A-6D1D-46CB-BDFD-A6D1221D1C36}.Release|Any CPU.ActiveCfg = Release|Any CPU
		{07B57D7A-6D1D-46CB-BDFD-A6D1221D1C36}.Release|Any CPU.Build.0 = Release|Any CPU
		{BA55E5F1-6E7C-4632-8124-7E5232C152E3}.Debug|Any CPU.ActiveCfg = Debug|Any CPU
		{BA55E5F1-6E7C-4632-8124-7E5232C152E3}.Debug|Any CPU.Build.0 = Debug|Any CPU
		{BA55E5F1-6E7C-4632-8124-7E5232C152E3}.Release|Any CPU.ActiveCfg = Release|Any CPU
		{BA55E5F1-6E7C-4632-8124-7E5232C152E3}.Release|Any CPU.Build.0 = Release|Any CPU
		{2B64C091-9B14-4AF4-BE51-06FA99A4ABD9}.Debug|Any CPU.ActiveCfg = Debug|Any CPU
		{2B64C091-9B14-4AF4-BE51-06FA99A4ABD9}.Debug|Any CPU.Build.0 = Debug|Any CPU
		{2B64C091-9B14-4AF4-BE51-06FA99A4ABD9}.Release|Any CPU.ActiveCfg = Release|Any CPU
		{2B64C091-9B14-4AF4-BE51-06FA99A4ABD9}.Release|Any CPU.Build.0 = Release|Any CPU
		{07259760-7B94-43AB-B9F0-BD492B4F5831}.Debug|Any CPU.ActiveCfg = Debug|Any CPU
		{07259760-7B94-43AB-B9F0-BD492B4F5831}.Debug|Any CPU.Build.0 = Debug|Any CPU
		{07259760-7B94-43AB-B9F0-BD492B4F5831}.Release|Any CPU.ActiveCfg = Release|Any CPU
		{07259760-7B94-43AB-B9F0-BD492B4F5831}.Release|Any CPU.Build.0 = Release|Any CPU
	EndGlobalSection
	GlobalSection(SolutionProperties) = preSolution
		HideSolutionNode = FALSE
	EndGlobalSection
	GlobalSection(ExtensibilityGlobals) = postSolution
		SolutionGuid = {BC6F3515-6AB8-4B13-AF7A-3336C2E9BE59}
	EndGlobalSection
EndGlobal
